
Microsoft Visual Studio Solution File, Format Version 12.00
# Visual Studio Version 17
VisualStudioVersion = 17.9.34728.123
MinimumVisualStudioVersion = 10.0.40219.1
Project("{8BC9CEB8-8B4A-11D0-8D11-00A0C91BC942}") = "Класс 13", "Класс 13\Класс 13.vcxproj", "{E1D3FC52-86FF-4573-BEF1-651F6402F0FA}"
EndProject
Global
	GlobalSection(SolutionConfigurationPlatforms) = preSolution
		Debug|x64 = Debug|x64
		Debug|x86 = Debug|x86
		Release|x64 = Release|x64
		Release|x86 = Release|x86
	EndGlobalSection
	GlobalSection(ProjectConfigurationPlatforms) = postSolution
		{E1D3FC52-86FF-4573-BEF1-651F6402F0FA}.Debug|x64.ActiveCfg = Debug|x64
		{E1D3FC52-86FF-4573-BEF1-651F6402F0FA}.Debug|x64.Build.0 = Debug|x64
		{E1D3FC52-86FF-4573-BEF1-651F6402F0FA}.Debug|x86.ActiveCfg = Debug|Win32
		{E1D3FC52-86FF-4573-BEF1-651F6402F0FA}.Debug|x86.Build.0 = Debug|Win32
		{E1D3FC52-86FF-4573-BEF1-651F6402F0FA}.Release|x64.ActiveCfg = Release|x64
		{E1D3FC52-86FF-4573-BEF1-651F6402F0FA}.Release|x64.Build.0 = Release|x64
		{E1D3FC52-86FF-4573-BEF1-651F6402F0FA}.Release|x86.ActiveCfg = Release|Win32
		{E1D3FC52-86FF-4573-BEF1-651F6402F0FA}.Release|x86.Build.0 = Release|Win32
	EndGlobalSection
	GlobalSection(SolutionProperties) = preSolution
		HideSolutionNode = FALSE
	EndGlobalSection
	GlobalSection(ExtensibilityGlobals) = postSolution
		SolutionGuid = {8F82F6FC-6955-4338-BD4A-B4E1C26BD4D2}
	EndGlobalSection
EndGlobal
